
Microsoft Visual Studio Solution File, Format Version 12.00
# Visual Studio Version 16
VisualStudioVersion = 16.0.30621.155
MinimumVisualStudioVersion = 10.0.40219.1
Project("{FAE04EC0-301F-11D3-BF4B-00C04F79EFBC}") = "CalcStudy", "CalcStudy\CalcStudy.csproj", "{39A85B31-0A79-4E8C-8192-63EFD70DCF19}"
EndProject
Project("{FAE04EC0-301F-11D3-BF4B-00C04F79EFBC}") = "CaiEgg.Views", "CaiEgg.Views\CaiEgg.Views.csproj", "{189EABC3-CCC2-4381-95C3-82190A6C4380}"
EndProject
Project("{FAE04EC0-301F-11D3-BF4B-00C04F79EFBC}") = "CaiEgg.ViewModels", "CaiEgg.ViewModels\CaiEgg.ViewModels.csproj", "{BC3FB4B6-0C2B-4E1A-B819-D8D52E56B530}"
EndProject
Project("{FAE04EC0-301F-11D3-BF4B-00C04F79EFBC}") = "CaiEgg.ViewModels.Test", "CaiEgg.ViewModels.Test\CaiEgg.ViewModels.Test.csproj", "{E15DEC9F-2F3F-4C1D-85D9-CD9BBC847414}"
EndProject
Project("{2150E333-8FDC-42A3-9474-1A3956D46DE8}") = "Dependency", "Dependency", "{AAD9B3D8-A6FB-42F1-987B-941086AC0093}"
EndProject
Project("{2150E333-8FDC-42A3-9474-1A3956D46DE8}") = "Figures", "Figures", "{4BED6351-99CB-48F5-8653-80B54BB9D4BD}"
EndProject
Project("{FAE04EC0-301F-11D3-BF4B-00C04F79EFBC}") = "CaiCal.MathPro", "CaiCal.MathPro\CaiCal.MathPro.csproj", "{58880979-B0E7-4E91-AC8C-C9188C097AEC}"
EndProject
Project("{FAE04EC0-301F-11D3-BF4B-00C04F79EFBC}") = "CaiCal.MathPro.Test", "CaiCal.MathPro.Test\CaiCal.MathPro.Test.csproj", "{45A2E7C2-3818-432C-848F-F2660B748502}"
EndProject
Project("{FAE04EC0-301F-11D3-BF4B-00C04F79EFBC}") = "CaiCal.MathSimple", "CaiCal.MathSimple\CaiCal.MathSimple.csproj", "{B4B64A62-66A8-4FF6-AF4E-B99F850B9DA4}"
EndProject
Project("{FAE04EC0-301F-11D3-BF4B-00C04F79EFBC}") = "StringExtensions_Test", "StringExtensions_Test\StringExtensions_Test.csproj", "{15D4F2C9-A5A4-43D1-8142-A11DC1408E20}"
EndProject
Project("{FAE04EC0-301F-11D3-BF4B-00C04F79EFBC}") = "CaiCal.Contract", "CaiCal.Contract\CaiCal.Contract.csproj", "{B0E97D8E-4C73-402E-9CBA-AF873FA023F0}"
EndProject
Global
	GlobalSection(SolutionConfigurationPlatforms) = preSolution
		Debug|Any CPU = Debug|Any CPU
		Release|Any CPU = Release|Any CPU
	EndGlobalSection
	GlobalSection(ProjectConfigurationPlatforms) = postSolution
		{39A85B31-0A79-4E8C-8192-63EFD70DCF19}.Debug|Any CPU.ActiveCfg = Debug|Any CPU
		{39A85B31-0A79-4E8C-8192-63EFD70DCF19}.Debug|Any CPU.Build.0 = Debug|Any CPU
		{39A85B31-0A79-4E8C-8192-63EFD70DCF19}.Release|Any CPU.ActiveCfg = Release|Any CPU
		{39A85B31-0A79-4E8C-8192-63EFD70DCF19}.Release|Any CPU.Build.0 = Release|Any CPU
		{189EABC3-CCC2-4381-95C3-82190A6C4380}.Debug|Any CPU.ActiveCfg = Debug|Any CPU
		{189EABC3-CCC2-4381-95C3-82190A6C4380}.Debug|Any CPU.Build.0 = Debug|Any CPU
		{189EABC3-CCC2-4381-95C3-82190A6C4380}.Release|Any CPU.ActiveCfg = Release|Any CPU
		{189EABC3-CCC2-4381-95C3-82190A6C4380}.Release|Any CPU.Build.0 = Release|Any CPU
		{BC3FB4B6-0C2B-4E1A-B819-D8D52E56B530}.Debug|Any CPU.ActiveCfg = Debug|Any CPU
		{BC3FB4B6-0C2B-4E1A-B819-D8D52E56B530}.Debug|Any CPU.Build.0 = Debug|Any CPU
		{BC3FB4B6-0C2B-4E1A-B819-D8D52E56B530}.Release|Any CPU.ActiveCfg = Release|Any CPU
		{BC3FB4B6-0C2B-4E1A-B819-D8D52E56B530}.Release|Any CPU.Build.0 = Release|Any CPU
		{E15DEC9F-2F3F-4C1D-85D9-CD9BBC847414}.Debug|Any CPU.ActiveCfg = Debug|Any CPU
		{E15DEC9F-2F3F-4C1D-85D9-CD9BBC847414}.Debug|Any CPU.Build.0 = Debug|Any CPU
		{E15DEC9F-2F3F-4C1D-85D9-CD9BBC847414}.Release|Any CPU.ActiveCfg = Release|Any CPU
		{E15DEC9F-2F3F-4C1D-85D9-CD9BBC847414}.Release|Any CPU.Build.0 = Release|Any CPU
		{58880979-B0E7-4E91-AC8C-C9188C097AEC}.Debug|Any CPU.ActiveCfg = Debug|Any CPU
		{58880979-B0E7-4E91-AC8C-C9188C097AEC}.Debug|Any CPU.Build.0 = Debug|Any CPU
		{58880979-B0E7-4E91-AC8C-C9188C097AEC}.Release|Any CPU.ActiveCfg = Release|Any CPU
		{58880979-B0E7-4E91-AC8C-C9188C097AEC}.Release|Any CPU.Build.0 = Release|Any CPU
		{45A2E7C2-3818-432C-848F-F2660B748502}.Debug|Any CPU.ActiveCfg = Debug|Any CPU
		{45A2E7C2-3818-432C-848F-F2660B748502}.Debug|Any CPU.Build.0 = Debug|Any CPU
		{45A2E7C2-3818-432C-848F-F2660B748502}.Release|Any CPU.ActiveCfg = Release|Any CPU
		{45A2E7C2-3818-432C-848F-F2660B748502}.Release|Any CPU.Build.0 = Release|Any CPU
		{B4B64A62-66A8-4FF6-AF4E-B99F850B9DA4}.Debug|Any CPU.ActiveCfg = Debug|Any CPU
		{B4B64A62-66A8-4FF6-AF4E-B99F850B9DA4}.Debug|Any CPU.Build.0 = Debug|Any CPU
		{B4B64A62-66A8-4FF6-AF4E-B99F850B9DA4}.Release|Any CPU.ActiveCfg = Release|Any CPU
		{B4B64A62-66A8-4FF6-AF4E-B99F850B9DA4}.Release|Any CPU.Build.0 = Release|Any CPU
		{15D4F2C9-A5A4-43D1-8142-A11DC1408E20}.Debug|Any CPU.ActiveCfg = Debug|Any CPU
		{15D4F2C9-A5A4-43D1-8142-A11DC1408E20}.Debug|Any CPU.Build.0 = Debug|Any CPU
		{15D4F2C9-A5A4-43D1-8142-A11DC1408E20}.Release|Any CPU.ActiveCfg = Release|Any CPU
		{15D4F2C9-A5A4-43D1-8142-A11DC1408E20}.Release|Any CPU.Build.0 = Release|Any CPU
		{B0E97D8E-4C73-402E-9CBA-AF873FA023F0}.Debug|Any CPU.ActiveCfg = Debug|Any CPU
		{B0E97D8E-4C73-402E-9CBA-AF873FA023F0}.Debug|Any CPU.Build.0 = Debug|Any CPU
		{B0E97D8E-4C73-402E-9CBA-AF873FA023F0}.Release|Any CPU.ActiveCfg = Release|Any CPU
		{B0E97D8E-4C73-402E-9CBA-AF873FA023F0}.Release|Any CPU.Build.0 = Release|Any CPU
	EndGlobalSection
	GlobalSection(SolutionProperties) = preSolution
		HideSolutionNode = FALSE
	EndGlobalSection
	GlobalSection(ExtensibilityGlobals) = postSolution
		SolutionGuid = {A01A2711-63D1-4C78-911A-45843A00CF8A}
	EndGlobalSection
EndGlobal
